
Microsoft Visual Studio Solution File, Format Version 12.00
# Visual Studio Version 17
VisualStudioVersion = 17.14.36414.22
MinimumVisualStudioVersion = 10.0.40219.1
Project("{FAE04EC0-301F-11D3-BF4B-00C04F79EFBC}") = "Lab_3.2", "Lab_3.2\Lab_3.2.csproj", "{37672BAB-ACD8-4A8D-A096-CD8DD5888564}"
EndProject
Global
	GlobalSection(SolutionConfigurationPlatforms) = preSolution
		Debug|Any CPU = Debug|Any CPU
		Release|Any CPU = Release|Any CPU
	EndGlobalSection
	GlobalSection(ProjectConfigurationPlatforms) = postSolution
		{37672BAB-ACD8-4A8D-A096-CD8DD5888564}.Debug|Any CPU.ActiveCfg = Debug|Any CPU
		{37672BAB-ACD8-4A8D-A096-CD8DD5888564}.Debug|Any CPU.Build.0 = Debug|Any CPU
		{37672BAB-ACD8-4A8D-A096-CD8DD5888564}.Release|Any CPU.ActiveCfg = Release|Any CPU
		{37672BAB-ACD8-4A8D-A096-CD8DD5888564}.Release|Any CPU.Build.0 = Release|Any CPU
	EndGlobalSection
	GlobalSection(SolutionProperties) = preSolution
		HideSolutionNode = FALSE
	EndGlobalSection
	GlobalSection(ExtensibilityGlobals) = postSolution
		SolutionGuid = {3DB3E3F8-52B3-440F-A23C-A780DBD3E7D0}
	EndGlobalSection
EndGlobal
